// !$*UTF8*$!
{
	archiveVersion = 1;
	classes = {
	};
	objectVersion = 55;
	objects = {

/* Begin PBXBuildFile section */
		283F7C8C27B6EB2E0058AEA6 /* iPhoneNumberField in Frameworks */ = {isa = PBXBuildFile; productRef = 283F7C8B27B6EB2E0058AEA6 /* iPhoneNumberField */; };
		28BA3F8027B59C32007D9125 /* RegistroPersonalApp.swift in Sources */ = {isa = PBXBuildFile; fileRef = 28BA3F7F27B59C32007D9125 /* RegistroPersonalApp.swift */; };
		28BA3F8227B59C32007D9125 /* ContentView.swift in Sources */ = {isa = PBXBuildFile; fileRef = 28BA3F8127B59C32007D9125 /* ContentView.swift */; };
		28BA3F8427B59C34007D9125 /* Assets.xcassets in Resources */ = {isa = PBXBuildFile; fileRef = 28BA3F8327B59C34007D9125 /* Assets.xcassets */; };
		28BA3F8727B59C34007D9125 /* Preview Assets.xcassets in Resources */ = {isa = PBXBuildFile; fileRef = 28BA3F8627B59C34007D9125 /* Preview Assets.xcassets */; };
		28BA3F8F27B59DC5007D9125 /* Employee.swift in Sources */ = {isa = PBXBuildFile; fileRef = 28BA3F8E27B59DC5007D9125 /* Employee.swift */; };
		28D6289627B5E44B00D2C64E /* Constants.swift in Sources */ = {isa = PBXBuildFile; fileRef = 28D6289527B5E44B00D2C64E /* Constants.swift */; };
		28D6289827B5F92A00D2C64E /* DetailStaff.swift in Sources */ = {isa = PBXBuildFile; fileRef = 28D6289727B5F92A00D2C64E /* DetailStaff.swift */; };
		28D6289A27B5F95500D2C64E /* ListStaff.swift in Sources */ = {isa = PBXBuildFile; fileRef = 28D6289927B5F95500D2C64E /* ListStaff.swift */; };
/* End PBXBuildFile section */

/* Begin PBXFileReference section */
		28BA3F7C27B59C32007D9125 /* RegistroPersonal.app */ = {isa = PBXFileReference; explicitFileType = wrapper.application; includeInIndex = 0; path = RegistroPersonal.app; sourceTree = BUILT_PRODUCTS_DIR; };
		28BA3F7F27B59C32007D9125 /* RegistroPersonalApp.swift */ = {isa = PBXFileReference; lastKnownFileType = sourcecode.swift; path = RegistroPersonalApp.swift; sourceTree = "<group>"; };
		28BA3F8127B59C32007D9125 /* ContentView.swift */ = {isa = PBXFileReference; lastKnownFileType = sourcecode.swift; path = ContentView.swift; sourceTree = "<group>"; };
		28BA3F8327B59C34007D9125 /* Assets.xcassets */ = {isa = PBXFileReference; lastKnownFileType = folder.assetcatalog; path = Assets.xcassets; sourceTree = "<group>"; };
		28BA3F8627B59C34007D9125 /* Preview Assets.xcassets */ = {isa = PBXFileReference; lastKnownFileType = folder.assetcatalog; path = "Preview Assets.xcassets"; sourceTree = "<group>"; };
		28BA3F8E27B59DC5007D9125 /* Employee.swift */ = {isa = PBXFileReference; lastKnownFileType = sourcecode.swift; path = Employee.swift; sourceTree = "<group>"; };
		28D6289027B5DA1100D2C64E /* Info.plist */ = {isa = PBXFileReference; lastKnownFileType = text.plist; path = Info.plist; sourceTree = "<group>"; };
		28D6289527B5E44B00D2C64E /* Constants.swift */ = {isa = PBXFileReference; fileEncoding = 4; lastKnownFileType = sourcecode.swift; name = Constants.swift; path = ../../../../PruebaElektra/PruebaElektra/PruebaElektra/Helpers/Constants.swift; sourceTree = "<group>"; };
		28D6289727B5F92A00D2C64E /* DetailStaff.swift */ = {isa = PBXFileReference; lastKnownFileType = sourcecode.swift; path = DetailStaff.swift; sourceTree = "<group>"; };
		28D6289927B5F95500D2C64E /* ListStaff.swift */ = {isa = PBXFileReference; lastKnownFileType = sourcecode.swift; path = ListStaff.swift; sourceTree = "<group>"; };
/* End PBXFileReference section */

/* Begin PBXFrameworksBuildPhase section */
		28BA3F7927B59C32007D9125 /* Frameworks */ = {
			isa = PBXFrameworksBuildPhase;
			buildActionMask = 2147483647;
			files = (
				283F7C8C27B6EB2E0058AEA6 /* iPhoneNumberField in Frameworks */,
			);
			runOnlyForDeploymentPostprocessing = 0;
		};
/* End PBXFrameworksBuildPhase section */

/* Begin PBXGroup section */
		28BA3F7327B59C32007D9125 = {
			isa = PBXGroup;
			children = (
				28BA3F7E27B59C32007D9125 /* RegistroPersonal */,
				28BA3F7D27B59C32007D9125 /* Products */,
			);
			sourceTree = "<group>";
		};
		28BA3F7D27B59C32007D9125 /* Products */ = {
			isa = PBXGroup;
			children = (
				28BA3F7C27B59C32007D9125 /* RegistroPersonal.app */,
			);
			name = Products;
			sourceTree = "<group>";
		};
		28BA3F7E27B59C32007D9125 /* RegistroPersonal */ = {
			isa = PBXGroup;
			children = (
				28D6289027B5DA1100D2C64E /* Info.plist */,
				28BA3F8327B59C34007D9125 /* Assets.xcassets */,
				28BA3F8127B59C32007D9125 /* ContentView.swift */,
				28D6289727B5F92A00D2C64E /* DetailStaff.swift */,
				28D6289927B5F95500D2C64E /* ListStaff.swift */,
				28BA3F7F27B59C32007D9125 /* RegistroPersonalApp.swift */,
				28D6289427B5E43600D2C64E /* Helpers */,
				28BA3F8D27B59DB6007D9125 /* Models */,
				28BA3F8527B59C34007D9125 /* Preview Content */,
			);
			path = RegistroPersonal;
			sourceTree = "<group>";
		};
		28BA3F8527B59C34007D9125 /* Preview Content */ = {
			isa = PBXGroup;
			children = (
				28BA3F8627B59C34007D9125 /* Preview Assets.xcassets */,
			);
			path = "Preview Content";
			sourceTree = "<group>";
		};
		28BA3F8D27B59DB6007D9125 /* Models */ = {
			isa = PBXGroup;
			children = (
				28BA3F8E27B59DC5007D9125 /* Employee.swift */,
			);
			path = Models;
			sourceTree = "<group>";
		};
		28D6289427B5E43600D2C64E /* Helpers */ = {
			isa = PBXGroup;
			children = (
				28D6289527B5E44B00D2C64E /* Constants.swift */,
			);
			path = Helpers;
			sourceTree = "<group>";
		};
/* End PBXGroup section */

/* Begin PBXNativeTarget section */
		28BA3F7B27B59C32007D9125 /* RegistroPersonal */ = {
			isa = PBXNativeTarget;
			buildConfigurationList = 28BA3F8A27B59C34007D9125 /* Build configuration list for PBXNativeTarget "RegistroPersonal" */;
			buildPhases = (
				28BA3F7827B59C32007D9125 /* Sources */,
				28BA3F7927B59C32007D9125 /* Frameworks */,
				28BA3F7A27B59C32007D9125 /* Resources */,
			);
			buildRules = (
			);
			dependencies = (
			);
			name = RegistroPersonal;
			packageProductDependencies = (
				283F7C8B27B6EB2E0058AEA6 /* iPhoneNumberField */,
			);
			productName = RegistroPersonal;
			productReference = 28BA3F7C27B59C32007D9125 /* RegistroPersonal.app */;
			productType = "com.apple.product-type.application";
		};
/* End PBXNativeTarget section */

/* Begin PBXProject section */
		28BA3F7427B59C32007D9125 /* Project object */ = {
			isa = PBXProject;
			attributes = {
				BuildIndependentTargetsInParallel = 1;
				LastSwiftUpdateCheck = 1300;
				LastUpgradeCheck = 1300;
				TargetAttributes = {
					28BA3F7B27B59C32007D9125 = {
						CreatedOnToolsVersion = 13.0;
					};
				};
			};
			buildConfigurationList = 28BA3F7727B59C32007D9125 /* Build configuration list for PBXProject "RegistroPersonal" */;
			compatibilityVersion = "Xcode 13.0";
			developmentRegion = en;
			hasScannedForEncodings = 0;
			knownRegions = (
				en,
				Base,
			);
			mainGroup = 28BA3F7327B59C32007D9125;
			packageReferences = (
				283F7C8A27B6EB2E0058AEA6 /* XCRemoteSwiftPackageReference "iPhoneNumberField" */,
			);
			productRefGroup = 28BA3F7D27B59C32007D9125 /* Products */;
			projectDirPath = "";
			projectRoot = "";
			targets = (
				28BA3F7B27B59C32007D9125 /* RegistroPersonal */,
			);
		};
/* End PBXProject section */

/* Begin PBXResourcesBuildPhase section */
		28BA3F7A27B59C32007D9125 /* Resources */ = {
			isa = PBXResourcesBuildPhase;
			buildActionMask = 2147483647;
			files = (
				28BA3F8727B59C34007D9125 /* Preview Assets.xcassets in Resources */,
				28BA3F8427B59C34007D9125 /* Assets.xcassets in Resources */,
			);
			runOnlyForDeploymentPostprocessing = 0;
		};
/* End PBXResourcesBuildPhase section */

/* Begin PBXSourcesBuildPhase section */
		28BA3F7827B59C32007D9125 /* Sources */ = {
			isa = PBXSourcesBuildPhase;
			buildActionMask = 2147483647;
			files = (
				28D6289A27B5F95500D2C64E /* ListStaff.swift in Sources */,
				28BA3F8227B59C32007D9125 /* ContentView.swift in Sources */,
				28BA3F8F27B59DC5007D9125 /* Employee.swift in Sources */,
				28BA3F8027B59C32007D9125 /* RegistroPersonalApp.swift in Sources */,
				28D6289627B5E44B00D2C64E /* Constants.swift in Sources */,
				28D6289827B5F92A00D2C64E /* DetailStaff.swift in Sources */,
			);
			runOnlyForDeploymentPostprocessing = 0;
		};
/* End PBXSourcesBuildPhase section */

/* Begin XCBuildConfiguration section */
		28BA3F8827B59C34007D9125 /* Debug */ = {
			isa = XCBuildConfiguration;
			buildSettings = {
				ALWAYS_SEARCH_USER_PATHS = NO;
				CLANG_ANALYZER_NONNULL = YES;
				CLANG_ANALYZER_NUMBER_OBJECT_CONVERSION = YES_AGGRESSIVE;
				CLANG_CXX_LANGUAGE_STANDARD = "gnu++17";
				CLANG_CXX_LIBRARY = "libc++";
				CLANG_ENABLE_MODULES = YES;
				CLANG_ENABLE_OBJC_ARC = YES;
				CLANG_ENABLE_OBJC_WEAK = YES;
				CLANG_WARN_BLOCK_CAPTURE_AUTORELEASING = YES;
				CLANG_WARN_BOOL_CONVERSION = YES;
				CLANG_WARN_COMMA = YES;
				CLANG_WARN_CONSTANT_CONVERSION = YES;
				CLANG_WARN_DEPRECATED_OBJC_IMPLEMENTATIONS = YES;
				CLANG_WARN_DIRECT_OBJC_ISA_USAGE = YES_ERROR;
				CLANG_WARN_DOCUMENTATION_COMMENTS = YES;
				CLANG_WARN_EMPTY_BODY = YES;
				CLANG_WARN_ENUM_CONVERSION = YES;
				CLANG_WARN_INFINITE_RECURSION = YES;
				CLANG_WARN_INT_CONVERSION = YES;
				CLANG_WARN_NON_LITERAL_NULL_CONVERSION = YES;
				CLANG_WARN_OBJC_IMPLICIT_RETAIN_SELF = YES;
				CLANG_WARN_OBJC_LITERAL_CONVERSION = YES;
				CLANG_WARN_OBJC_ROOT_CLASS = YES_ERROR;
				CLANG_WARN_QUOTED_INCLUDE_IN_FRAMEWORK_HEADER = YES;
				CLANG_WARN_RANGE_LOOP_ANALYSIS = YES;
				CLANG_WARN_STRICT_PROTOTYPES = YES;
				CLANG_WARN_SUSPICIOUS_MOVE = YES;
				CLANG_WARN_UNGUARDED_AVAILABILITY = YES_AGGRESSIVE;
				CLANG_WARN_UNREACHABLE_CODE = YES;
				CLANG_WARN__DUPLICATE_METHOD_MATCH = YES;
				COPY_PHASE_STRIP = NO;
				DEBUG_INFORMATION_FORMAT = dwarf;
				ENABLE_STRICT_OBJC_MSGSEND = YES;
				ENABLE_TESTABILITY = YES;
				GCC_C_LANGUAGE_STANDARD = gnu11;
				GCC_DYNAMIC_NO_PIC = NO;
				GCC_NO_COMMON_BLOCKS = YES;
				GCC_OPTIMIZATION_LEVEL = 0;
				GCC_PREPROCESSOR_DEFINITIONS = (
					"DEBUG=1",
					"$(inherited)",
				);
				GCC_WARN_64_TO_32_BIT_CONVERSION = YES;
				GCC_WARN_ABOUT_RETURN_TYPE = YES_ERROR;
				GCC_WARN_UNDECLARED_SELECTOR = YES;
				GCC_WARN_UNINITIALIZED_AUTOS = YES_AGGRESSIVE;
				GCC_WARN_UNUSED_FUNCTION = YES;
				GCC_WARN_UNUSED_VARIABLE = YES;
				IPHONEOS_DEPLOYMENT_TARGET = 15.0;
				MTL_ENABLE_DEBUG_INFO = INCLUDE_SOURCE;
				MTL_FAST_MATH = YES;
				ONLY_ACTIVE_ARCH = YES;
				SDKROOT = iphoneos;
				SWIFT_ACTIVE_COMPILATION_CONDITIONS = DEBUG;
				SWIFT_OPTIMIZATION_LEVEL = "-Onone";
			};
			name = Debug;
		};
		28BA3F8927B59C34007D9125 /* Release */ = {
			isa = XCBuildConfiguration;
			buildSettings = {
				ALWAYS_SEARCH_USER_PATHS = NO;
				CLANG_ANALYZER_NONNULL = YES;
				CLANG_ANALYZER_NUMBER_OBJECT_CONVERSION = YES_AGGRESSIVE;
				CLANG_CXX_LANGUAGE_STANDARD = "gnu++17";
				CLANG_CXX_LIBRARY = "libc++";
				CLANG_ENABLE_MODULES = YES;
				CLANG_ENABLE_OBJC_ARC = YES;
				CLANG_ENABLE_OBJC_WEAK = YES;
				CLANG_WARN_BLOCK_CAPTURE_AUTORELEASING = YES;
				CLANG_WARN_BOOL_CONVERSION = YES;
				CLANG_WARN_COMMA = YES;
				CLANG_WARN_CONSTANT_CONVERSION = YES;
				CLANG_WARN_DEPRECATED_OBJC_IMPLEMENTATIONS = YES;
				CLANG_WARN_DIRECT_OBJC_ISA_USAGE = YES_ERROR;
				CLANG_WARN_DOCUMENTATION_COMMENTS = YES;
				CLANG_WARN_EMPTY_BODY = YES;
				CLANG_WARN_ENUM_CONVERSION = YES;
				CLANG_WARN_INFINITE_RECURSION = YES;
				CLANG_WARN_INT_CONVERSION = YES;
				CLANG_WARN_NON_LITERAL_NULL_CONVERSION = YES;
				CLANG_WARN_OBJC_IMPLICIT_RETAIN_SELF = YES;
				CLANG_WARN_OBJC_LITERAL_CONVERSION = YES;
				CLANG_WARN_OBJC_ROOT_CLASS = YES_ERROR;
				CLANG_WARN_QUOTED_INCLUDE_IN_FRAMEWORK_HEADER = YES;
				CLANG_WARN_RANGE_LOOP_ANALYSIS = YES;
				CLANG_WARN_STRICT_PROTOTYPES = YES;
				CLANG_WARN_SUSPICIOUS_MOVE = YES;
				CLANG_WARN_UNGUARDED_AVAILABILITY = YES_AGGRESSIVE;
				CLANG_WARN_UNREACHABLE_CODE = YES;
				CLANG_WARN__DUPLICATE_METHOD_MATCH = YES;
				COPY_PHASE_STRIP = NO;
				DEBUG_INFORMATION_FORMAT = "dwarf-with-dsym";
				ENABLE_NS_ASSERTIONS = NO;
				ENABLE_STRICT_OBJC_MSGSEND = YES;
				GCC_C_LANGUAGE_STANDARD = gnu11;
				GCC_NO_COMMON_BLOCKS = YES;
				GCC_WARN_64_TO_32_BIT_CONVERSION = YES;
				GCC_WARN_ABOUT_RETURN_TYPE = YES_ERROR;
				GCC_WARN_UNDECLARED_SELECTOR = YES;
				GCC_WARN_UNINITIALIZED_AUTOS = YES_AGGRESSIVE;
				GCC_WARN_UNUSED_FUNCTION = YES;
				GCC_WARN_UNUSED_VARIABLE = YES;
				IPHONEOS_DEPLOYMENT_TARGET = 15.0;
				MTL_ENABLE_DEBUG_INFO = NO;
				MTL_FAST_MATH = YES;
				SDKROOT = iphoneos;
				SWIFT_COMPILATION_MODE = wholemodule;
				SWIFT_OPTIMIZATION_LEVEL = "-O";
				VALIDATE_PRODUCT = YES;
			};
			name = Release;
		};
		28BA3F8B27B59C34007D9125 /* Debug */ = {
			isa = XCBuildConfiguration;
			buildSettings = {
				ASSETCATALOG_COMPILER_APPICON_NAME = AppIcon;
				ASSETCATALOG_COMPILER_GLOBAL_ACCENT_COLOR_NAME = AccentColor;
				CODE_SIGN_STYLE = Automatic;
				CURRENT_PROJECT_VERSION = 1;
				DEVELOPMENT_ASSET_PATHS = "\"RegistroPersonal/Preview Content\"";
				DEVELOPMENT_TEAM = 7W75CMJVF3;
				ENABLE_PREVIEWS = YES;
				GENERATE_INFOPLIST_FILE = YES;
				INFOPLIST_FILE = RegistroPersonal/Info.plist;
				INFOPLIST_KEY_UIApplicationSceneManifest_Generation = YES;
				INFOPLIST_KEY_UIApplicationSupportsIndirectInputEvents = YES;
				INFOPLIST_KEY_UILaunchScreen_Generation = YES;
				INFOPLIST_KEY_UIStatusBarHidden = NO;
				INFOPLIST_KEY_UISupportedInterfaceOrientations = UIInterfaceOrientationPortrait;
				INFOPLIST_KEY_UISupportedInterfaceOrientations_iPad = "UIInterfaceOrientationPortrait UIInterfaceOrientationPortraitUpsideDown UIInterfaceOrientationLandscapeLeft UIInterfaceOrientationLandscapeRight";
				INFOPLIST_KEY_UISupportedInterfaceOrientations_iPhone = "UIInterfaceOrientationPortrait UIInterfaceOrientationLandscapeLeft UIInterfaceOrientationLandscapeRight";
				IPHONEOS_DEPLOYMENT_TARGET = 15.0;
				LD_RUNPATH_SEARCH_PATHS = (
					"$(inherited)",
					"@executable_path/Frameworks",
				);
				MARKETING_VERSION = 1.0;
				PRODUCT_BUNDLE_IDENTIFIER = baltazar.narciso.RegistroPersonal;
				PRODUCT_NAME = "$(TARGET_NAME)";
				SWIFT_EMIT_LOC_STRINGS = YES;
				SWIFT_VERSION = 5.0;
				TARGETED_DEVICE_FAMILY = "1,2";
			};
			name = Debug;
		};
		28BA3F8C27B59C34007D9125 /* Release */ = {
			isa = XCBuildConfiguration;
			buildSettings = {
				ASSETCATALOG_COMPILER_APPICON_NAME = AppIcon;
				ASSETCATALOG_COMPILER_GLOBAL_ACCENT_COLOR_NAME = AccentColor;
				CODE_SIGN_STYLE = Automatic;
				CURRENT_PROJECT_VERSION = 1;
				DEVELOPMENT_ASSET_PATHS = "\"RegistroPersonal/Preview Content\"";
				DEVELOPMENT_TEAM = 7W75CMJVF3;
				ENABLE_PREVIEWS = YES;
				GENERATE_INFOPLIST_FILE = YES;
				INFOPLIST_FILE = RegistroPersonal/Info.plist;
				INFOPLIST_KEY_UIApplicationSceneManifest_Generation = YES;
				INFOPLIST_KEY_UIApplicationSupportsIndirectInputEvents = YES;
				INFOPLIST_KEY_UILaunchScreen_Generation = YES;
				INFOPLIST_KEY_UIStatusBarHidden = NO;
				INFOPLIST_KEY_UISupportedInterfaceOrientations = UIInterfaceOrientationPortrait;
				INFOPLIST_KEY_UISupportedInterfaceOrientations_iPad = "UIInterfaceOrientationPortrait UIInterfaceOrientationPortraitUpsideDown UIInterfaceOrientationLandscapeLeft UIInterfaceOrientationLandscapeRight";
				INFOPLIST_KEY_UISupportedInterfaceOrientations_iPhone = "UIInterfaceOrientationPortrait UIInterfaceOrientationLandscapeLeft UIInterfaceOrientationLandscapeRight";
				IPHONEOS_DEPLOYMENT_TARGET = 15.0;
				LD_RUNPATH_SEARCH_PATHS = (
					"$(inherited)",
					"@executable_path/Frameworks",
				);
				MARKETING_VERSION = 1.0;
				PRODUCT_BUNDLE_IDENTIFIER = baltazar.narciso.RegistroPersonal;
				PRODUCT_NAME = "$(TARGET_NAME)";
				SWIFT_EMIT_LOC_STRINGS = YES;
				SWIFT_VERSION = 5.0;
				TARGETED_DEVICE_FAMILY = "1,2";
			};
			name = Release;
		};
/* End XCBuildConfiguration section */

/* Begin XCConfigurationList section */
		28BA3F7727B59C32007D9125 /* Build configuration list for PBXProject "RegistroPersonal" */ = {
			isa = XCConfigurationList;
			buildConfigurations = (
				28BA3F8827B59C34007D9125 /* Debug */,
				28BA3F8927B59C34007D9125 /* Release */,
			);
			defaultConfigurationIsVisible = 0;
			defaultConfigurationName = Release;
		};
		28BA3F8A27B59C34007D9125 /* Build configuration list for PBXNativeTarget "RegistroPersonal" */ = {
			isa = XCConfigurationList;
			buildConfigurations = (
				28BA3F8B27B59C34007D9125 /* Debug */,
				28BA3F8C27B59C34007D9125 /* Release */,
			);
			defaultConfigurationIsVisible = 0;
			defaultConfigurationName = Release;
		};
/* End XCConfigurationList section */

/* Begin XCRemoteSwiftPackageReference section */
		283F7C8A27B6EB2E0058AEA6 /* XCRemoteSwiftPackageReference "iPhoneNumberField" */ = {
			isa = XCRemoteSwiftPackageReference;
			repositoryURL = "https://github.com/MojtabaHs/iPhoneNumberField";
			requirement = {
				kind = upToNextMajorVersion;
				minimumVersion = 0.6.1;
			};
		};
/* End XCRemoteSwiftPackageReference section */

/* Begin XCSwiftPackageProductDependency section */
		283F7C8B27B6EB2E0058AEA6 /* iPhoneNumberField */ = {
			isa = XCSwiftPackageProductDependency;
			package = 283F7C8A27B6EB2E0058AEA6 /* XCRemoteSwiftPackageReference "iPhoneNumberField" */;
			productName = iPhoneNumberField;
		};
/* End XCSwiftPackageProductDependency section */
	};
	rootObject = 28BA3F7427B59C32007D9125 /* Project object */;
}
